
Microsoft Visual Studio Solution File, Format Version 12.00
# Visual Studio Version 16
VisualStudioVersion = 16.0.30907.101
MinimumVisualStudioVersion = 10.0.40219.1
Project("{FAE04EC0-301F-11D3-BF4B-00C04F79EFBC}") = "Biciklino", "Biciklino\Biciklino.csproj", "{74472969-F6B1-4302-86A7-A2B133A3500D}"
EndProject
Global
	GlobalSection(SolutionConfigurationPlatforms) = preSolution
		Debug|Any CPU = Debug|Any CPU
		Release|Any CPU = Release|Any CPU
	EndGlobalSection
	GlobalSection(ProjectConfigurationPlatforms) = postSolution
		{74472969-F6B1-4302-86A7-A2B133A3500D}.Debug|Any CPU.ActiveCfg = Debug|Any CPU
		{74472969-F6B1-4302-86A7-A2B133A3500D}.Debug|Any CPU.Build.0 = Debug|Any CPU
		{74472969-F6B1-4302-86A7-A2B133A3500D}.Release|Any CPU.ActiveCfg = Release|Any CPU
		{74472969-F6B1-4302-86A7-A2B133A3500D}.Release|Any CPU.Build.0 = Release|Any CPU
	EndGlobalSection
	GlobalSection(SolutionProperties) = preSolution
		HideSolutionNode = FALSE
	EndGlobalSection
	GlobalSection(ExtensibilityGlobals) = postSolution
		SolutionGuid = {D8B6148F-05DC-47B6-AE8F-7B04BA94AF6E}
	EndGlobalSection
EndGlobal
